
Microsoft Visual Studio Solution File, Format Version 12.00
# Visual Studio Version 17
VisualStudioVersion = 17.12.35514.174 d17.12
MinimumVisualStudioVersion = 10.0.40219.1
Project("{FAE04EC0-301F-11D3-BF4B-00C04F79EFBC}") = "ConnectProtoType1", "ConnectProtoType1\ConnectProtoType1.csproj", "{83BF7EC7-4998-43A6-8C34-9ED6A8BAA81E}"
EndProject
Global
	GlobalSection(SolutionConfigurationPlatforms) = preSolution
		Debug|Any CPU = Debug|Any CPU
		Release|Any CPU = Release|Any CPU
	EndGlobalSection
	GlobalSection(ProjectConfigurationPlatforms) = postSolution
		{83BF7EC7-4998-43A6-8C34-9ED6A8BAA81E}.Debug|Any CPU.ActiveCfg = Debug|Any CPU
		{83BF7EC7-4998-43A6-8C34-9ED6A8BAA81E}.Debug|Any CPU.Build.0 = Debug|Any CPU
		{83BF7EC7-4998-43A6-8C34-9ED6A8BAA81E}.Release|Any CPU.ActiveCfg = Release|Any CPU
		{83BF7EC7-4998-43A6-8C34-9ED6A8BAA81E}.Release|Any CPU.Build.0 = Release|Any CPU
	EndGlobalSection
	GlobalSection(SolutionProperties) = preSolution
		HideSolutionNode = FALSE
	EndGlobalSection
EndGlobal
